// !$*UTF8*$!
{
	archiveVersion = 1;
	classes = {
	};
	objectVersion = 56;
	objects = {

/* Begin PBXBuildFile section */
		CC944AA529D7E2E300FD1F83 /* fishtimeApp.swift in Sources */ = {isa = PBXBuildFile; fileRef = CC944AA429D7E2E300FD1F83 /* fishtimeApp.swift */; };
		CC944AA729D7E2E300FD1F83 /* ContentView.swift in Sources */ = {isa = PBXBuildFile; fileRef = CC944AA629D7E2E300FD1F83 /* ContentView.swift */; };
		CC944AA929D7E2E400FD1F83 /* Assets.xcassets in Resources */ = {isa = PBXBuildFile; fileRef = CC944AA829D7E2E400FD1F83 /* Assets.xcassets */; };
		CC944AAC29D7E2E400FD1F83 /* Preview Assets.xcassets in Resources */ = {isa = PBXBuildFile; fileRef = CC944AAB29D7E2E400FD1F83 /* Preview Assets.xcassets */; };
		CC944AB729D7E2E400FD1F83 /* fishtimeTests.swift in Sources */ = {isa = PBXBuildFile; fileRef = CC944AB629D7E2E400FD1F83 /* fishtimeTests.swift */; };
		CC944AC129D7E2E400FD1F83 /* fishtimeUITests.swift in Sources */ = {isa = PBXBuildFile; fileRef = CC944AC029D7E2E400FD1F83 /* fishtimeUITests.swift */; };
		CC944AC329D7E2E400FD1F83 /* fishtimeUITestsLaunchTests.swift in Sources */ = {isa = PBXBuildFile; fileRef = CC944AC229D7E2E400FD1F83 /* fishtimeUITestsLaunchTests.swift */; };
		CC944AD229D7E33A00FD1F83 /* MenuBar.swift in Sources */ = {isa = PBXBuildFile; fileRef = CC944AD129D7E33A00FD1F83 /* MenuBar.swift */; };
		CC944AD629D7E3BA00FD1F83 /* SettingView.swift in Sources */ = {isa = PBXBuildFile; fileRef = CC944AD529D7E3BA00FD1F83 /* SettingView.swift */; };
		CC944AD829D7F88600FD1F83 /* info.plist in Resources */ = {isa = PBXBuildFile; fileRef = CC944AD729D7F88600FD1F83 /* info.plist */; };
/* End PBXBuildFile section */

/* Begin PBXContainerItemProxy section */
		CC944AB329D7E2E400FD1F83 /* PBXContainerItemProxy */ = {
			isa = PBXContainerItemProxy;
			containerPortal = CC944A9929D7E2E300FD1F83 /* Project object */;
			proxyType = 1;
			remoteGlobalIDString = CC944AA029D7E2E300FD1F83;
			remoteInfo = fishtime;
		};
		CC944ABD29D7E2E400FD1F83 /* PBXContainerItemProxy */ = {
			isa = PBXContainerItemProxy;
			containerPortal = CC944A9929D7E2E300FD1F83 /* Project object */;
			proxyType = 1;
			remoteGlobalIDString = CC944AA029D7E2E300FD1F83;
			remoteInfo = fishtime;
		};
/* End PBXContainerItemProxy section */

/* Begin PBXFileReference section */
		CC944AA129D7E2E300FD1F83 /* fishtime.app */ = {isa = PBXFileReference; explicitFileType = wrapper.application; includeInIndex = 0; path = fishtime.app; sourceTree = BUILT_PRODUCTS_DIR; };
		CC944AA429D7E2E300FD1F83 /* fishtimeApp.swift */ = {isa = PBXFileReference; lastKnownFileType = sourcecode.swift; path = fishtimeApp.swift; sourceTree = "<group>"; };
		CC944AA629D7E2E300FD1F83 /* ContentView.swift */ = {isa = PBXFileReference; lastKnownFileType = sourcecode.swift; path = ContentView.swift; sourceTree = "<group>"; };
		CC944AA829D7E2E400FD1F83 /* Assets.xcassets */ = {isa = PBXFileReference; lastKnownFileType = folder.assetcatalog; path = Assets.xcassets; sourceTree = "<group>"; };
		CC944AAB29D7E2E400FD1F83 /* Preview Assets.xcassets */ = {isa = PBXFileReference; lastKnownFileType = folder.assetcatalog; path = "Preview Assets.xcassets"; sourceTree = "<group>"; };
		CC944AAD29D7E2E400FD1F83 /* fishtime.entitlements */ = {isa = PBXFileReference; lastKnownFileType = text.plist.entitlements; path = fishtime.entitlements; sourceTree = "<group>"; };
		CC944AB229D7E2E400FD1F83 /* fishtimeTests.xctest */ = {isa = PBXFileReference; explicitFileType = wrapper.cfbundle; includeInIndex = 0; path = fishtimeTests.xctest; sourceTree = BUILT_PRODUCTS_DIR; };
		CC944AB629D7E2E400FD1F83 /* fishtimeTests.swift */ = {isa = PBXFileReference; lastKnownFileType = sourcecode.swift; path = fishtimeTests.swift; sourceTree = "<group>"; };
		CC944ABC29D7E2E400FD1F83 /* fishtimeUITests.xctest */ = {isa = PBXFileReference; explicitFileType = wrapper.cfbundle; includeInIndex = 0; path = fishtimeUITests.xctest; sourceTree = BUILT_PRODUCTS_DIR; };
		CC944AC029D7E2E400FD1F83 /* fishtimeUITests.swift */ = {isa = PBXFileReference; lastKnownFileType = sourcecode.swift; path = fishtimeUITests.swift; sourceTree = "<group>"; };
		CC944AC229D7E2E400FD1F83 /* fishtimeUITestsLaunchTests.swift */ = {isa = PBXFileReference; lastKnownFileType = sourcecode.swift; path = fishtimeUITestsLaunchTests.swift; sourceTree = "<group>"; };
		CC944AD129D7E33A00FD1F83 /* MenuBar.swift */ = {isa = PBXFileReference; lastKnownFileType = sourcecode.swift; path = MenuBar.swift; sourceTree = "<group>"; };
		CC944AD529D7E3BA00FD1F83 /* SettingView.swift */ = {isa = PBXFileReference; lastKnownFileType = sourcecode.swift; path = SettingView.swift; sourceTree = "<group>"; };
		CC944AD729D7F88600FD1F83 /* info.plist */ = {isa = PBXFileReference; lastKnownFileType = text.plist.xml; path = info.plist; sourceTree = "<group>"; };
/* End PBXFileReference section */

/* Begin PBXFrameworksBuildPhase section */
		CC944A9E29D7E2E300FD1F83 /* Frameworks */ = {
			isa = PBXFrameworksBuildPhase;
			buildActionMask = 2147483647;
			files = (
			);
			runOnlyForDeploymentPostprocessing = 0;
		};
		CC944AAF29D7E2E400FD1F83 /* Frameworks */ = {
			isa = PBXFrameworksBuildPhase;
			buildActionMask = 2147483647;
			files = (
			);
			runOnlyForDeploymentPostprocessing = 0;
		};
		CC944AB929D7E2E400FD1F83 /* Frameworks */ = {
			isa = PBXFrameworksBuildPhase;
			buildActionMask = 2147483647;
			files = (
			);
			runOnlyForDeploymentPostprocessing = 0;
		};
/* End PBXFrameworksBuildPhase section */

/* Begin PBXGroup section */
		CC944A9829D7E2E300FD1F83 = {
			isa = PBXGroup;
			children = (
				CC944AD729D7F88600FD1F83 /* info.plist */,
				CC944AA329D7E2E300FD1F83 /* fishtime */,
				CC944AB529D7E2E400FD1F83 /* fishtimeTests */,
				CC944ABF29D7E2E400FD1F83 /* fishtimeUITests */,
				CC944AA229D7E2E300FD1F83 /* Products */,
			);
			sourceTree = "<group>";
		};
		CC944AA229D7E2E300FD1F83 /* Products */ = {
			isa = PBXGroup;
			children = (
				CC944AA129D7E2E300FD1F83 /* fishtime.app */,
				CC944AB229D7E2E400FD1F83 /* fishtimeTests.xctest */,
				CC944ABC29D7E2E400FD1F83 /* fishtimeUITests.xctest */,
			);
			name = Products;
			sourceTree = "<group>";
		};
		CC944AA329D7E2E300FD1F83 /* fishtime */ = {
			isa = PBXGroup;
			children = (
				CC944AA429D7E2E300FD1F83 /* fishtimeApp.swift */,
				CC944AA629D7E2E300FD1F83 /* ContentView.swift */,
				CC944AD529D7E3BA00FD1F83 /* SettingView.swift */,
				CC944AD129D7E33A00FD1F83 /* MenuBar.swift */,
				CC944AA829D7E2E400FD1F83 /* Assets.xcassets */,
				CC944AAD29D7E2E400FD1F83 /* fishtime.entitlements */,
				CC944AAA29D7E2E400FD1F83 /* Preview Content */,
			);
			path = fishtime;
			sourceTree = "<group>";
		};
		CC944AAA29D7E2E400FD1F83 /* Preview Content */ = {
			isa = PBXGroup;
			children = (
				CC944AAB29D7E2E400FD1F83 /* Preview Assets.xcassets */,
			);
			path = "Preview Content";
			sourceTree = "<group>";
		};
		CC944AB529D7E2E400FD1F83 /* fishtimeTests */ = {
			isa = PBXGroup;
			children = (
				CC944AB629D7E2E400FD1F83 /* fishtimeTests.swift */,
			);
			path = fishtimeTests;
			sourceTree = "<group>";
		};
		CC944ABF29D7E2E400FD1F83 /* fishtimeUITests */ = {
			isa = PBXGroup;
			children = (
				CC944AC029D7E2E400FD1F83 /* fishtimeUITests.swift */,
				CC944AC229D7E2E400FD1F83 /* fishtimeUITestsLaunchTests.swift */,
			);
			path = fishtimeUITests;
			sourceTree = "<group>";
		};
/* End PBXGroup section */

/* Begin PBXNativeTarget section */
		CC944AA029D7E2E300FD1F83 /* fishtime */ = {
			isa = PBXNativeTarget;
			buildConfigurationList = CC944AC629D7E2E400FD1F83 /* Build configuration list for PBXNativeTarget "fishtime" */;
			buildPhases = (
				CC944A9D29D7E2E300FD1F83 /* Sources */,
				CC944A9E29D7E2E300FD1F83 /* Frameworks */,
				CC944A9F29D7E2E300FD1F83 /* Resources */,
			);
			buildRules = (
			);
			dependencies = (
			);
			name = fishtime;
			productName = fishtime;
			productReference = CC944AA129D7E2E300FD1F83 /* fishtime.app */;
			productType = "com.apple.product-type.application";
		};
		CC944AB129D7E2E400FD1F83 /* fishtimeTests */ = {
			isa = PBXNativeTarget;
			buildConfigurationList = CC944AC929D7E2E400FD1F83 /* Build configuration list for PBXNativeTarget "fishtimeTests" */;
			buildPhases = (
				CC944AAE29D7E2E400FD1F83 /* Sources */,
				CC944AAF29D7E2E400FD1F83 /* Frameworks */,
				CC944AB029D7E2E400FD1F83 /* Resources */,
			);
			buildRules = (
			);
			dependencies = (
				CC944AB429D7E2E400FD1F83 /* PBXTargetDependency */,
			);
			name = fishtimeTests;
			productName = fishtimeTests;
			productReference = CC944AB229D7E2E400FD1F83 /* fishtimeTests.xctest */;
			productType = "com.apple.product-type.bundle.unit-test";
		};
		CC944ABB29D7E2E400FD1F83 /* fishtimeUITests */ = {
			isa = PBXNativeTarget;
			buildConfigurationList = CC944ACC29D7E2E400FD1F83 /* Build configuration list for PBXNativeTarget "fishtimeUITests" */;
			buildPhases = (
				CC944AB829D7E2E400FD1F83 /* Sources */,
				CC944AB929D7E2E400FD1F83 /* Frameworks */,
				CC944ABA29D7E2E400FD1F83 /* Resources */,
			);
			buildRules = (
			);
			dependencies = (
				CC944ABE29D7E2E400FD1F83 /* PBXTargetDependency */,
			);
			name = fishtimeUITests;
			productName = fishtimeUITests;
			productReference = CC944ABC29D7E2E400FD1F83 /* fishtimeUITests.xctest */;
			productType = "com.apple.product-type.bundle.ui-testing";
		};
/* End PBXNativeTarget section */

/* Begin PBXProject section */
		CC944A9929D7E2E300FD1F83 /* Project object */ = {
			isa = PBXProject;
			attributes = {
				BuildIndependentTargetsInParallel = 1;
				LastSwiftUpdateCheck = 1420;
				LastUpgradeCheck = 1420;
				TargetAttributes = {
					CC944AA029D7E2E300FD1F83 = {
						CreatedOnToolsVersion = 14.2;
					};
					CC944AB129D7E2E400FD1F83 = {
						CreatedOnToolsVersion = 14.2;
						TestTargetID = CC944AA029D7E2E300FD1F83;
					};
					CC944ABB29D7E2E400FD1F83 = {
						CreatedOnToolsVersion = 14.2;
						TestTargetID = CC944AA029D7E2E300FD1F83;
					};
				};
			};
			buildConfigurationList = CC944A9C29D7E2E300FD1F83 /* Build configuration list for PBXProject "fishtime" */;
			compatibilityVersion = "Xcode 14.0";
			developmentRegion = en;
			hasScannedForEncodings = 0;
			knownRegions = (
				en,
				Base,
			);
			mainGroup = CC944A9829D7E2E300FD1F83;
			productRefGroup = CC944AA229D7E2E300FD1F83 /* Products */;
			projectDirPath = "";
			projectRoot = "";
			targets = (
				CC944AA029D7E2E300FD1F83 /* fishtime */,
				CC944AB129D7E2E400FD1F83 /* fishtimeTests */,
				CC944ABB29D7E2E400FD1F83 /* fishtimeUITests */,
			);
		};
/* End PBXProject section */

/* Begin PBXResourcesBuildPhase section */
		CC944A9F29D7E2E300FD1F83 /* Resources */ = {
			isa = PBXResourcesBuildPhase;
			buildActionMask = 2147483647;
			files = (
				CC944AAC29D7E2E400FD1F83 /* Preview Assets.xcassets in Resources */,
				CC944AA929D7E2E400FD1F83 /* Assets.xcassets in Resources */,
				CC944AD829D7F88600FD1F83 /* info.plist in Resources */,
			);
			runOnlyForDeploymentPostprocessing = 0;
		};
		CC944AB029D7E2E400FD1F83 /* Resources */ = {
			isa = PBXResourcesBuildPhase;
			buildActionMask = 2147483647;
			files = (
			);
			runOnlyForDeploymentPostprocessing = 0;
		};
		CC944ABA29D7E2E400FD1F83 /* Resources */ = {
			isa = PBXResourcesBuildPhase;
			buildActionMask = 2147483647;
			files = (
			);
			runOnlyForDeploymentPostprocessing = 0;
		};
/* End PBXResourcesBuildPhase section */

/* Begin PBXSourcesBuildPhase section */
		CC944A9D29D7E2E300FD1F83 /* Sources */ = {
			isa = PBXSourcesBuildPhase;
			buildActionMask = 2147483647;
			files = (
				CC944AA729D7E2E300FD1F83 /* ContentView.swift in Sources */,
				CC944AD629D7E3BA00FD1F83 /* SettingView.swift in Sources */,
				CC944AD229D7E33A00FD1F83 /* MenuBar.swift in Sources */,
				CC944AA529D7E2E300FD1F83 /* fishtimeApp.swift in Sources */,
			);
			runOnlyForDeploymentPostprocessing = 0;
		};
		CC944AAE29D7E2E400FD1F83 /* Sources */ = {
			isa = PBXSourcesBuildPhase;
			buildActionMask = 2147483647;
			files = (
				CC944AB729D7E2E400FD1F83 /* fishtimeTests.swift in Sources */,
			);
			runOnlyForDeploymentPostprocessing = 0;
		};
		CC944AB829D7E2E400FD1F83 /* Sources */ = {
			isa = PBXSourcesBuildPhase;
			buildActionMask = 2147483647;
			files = (
				CC944AC329D7E2E400FD1F83 /* fishtimeUITestsLaunchTests.swift in Sources */,
				CC944AC129D7E2E400FD1F83 /* fishtimeUITests.swift in Sources */,
			);
			runOnlyForDeploymentPostprocessing = 0;
		};
/* End PBXSourcesBuildPhase section */

/* Begin PBXTargetDependency section */
		CC944AB429D7E2E400FD1F83 /* PBXTargetDependency */ = {
			isa = PBXTargetDependency;
			target = CC944AA029D7E2E300FD1F83 /* fishtime */;
			targetProxy = CC944AB329D7E2E400FD1F83 /* PBXContainerItemProxy */;
		};
		CC944ABE29D7E2E400FD1F83 /* PBXTargetDependency */ = {
			isa = PBXTargetDependency;
			target = CC944AA029D7E2E300FD1F83 /* fishtime */;
			targetProxy = CC944ABD29D7E2E400FD1F83 /* PBXContainerItemProxy */;
		};
/* End PBXTargetDependency section */

/* Begin XCBuildConfiguration section */
		CC944AC429D7E2E400FD1F83 /* Debug */ = {
			isa = XCBuildConfiguration;
			buildSettings = {
				ALWAYS_SEARCH_USER_PATHS = NO;
				CLANG_ANALYZER_NONNULL = YES;
				CLANG_ANALYZER_NUMBER_OBJECT_CONVERSION = YES_AGGRESSIVE;
				CLANG_CXX_LANGUAGE_STANDARD = "gnu++20";
				CLANG_ENABLE_MODULES = YES;
				CLANG_ENABLE_OBJC_ARC = YES;
				CLANG_ENABLE_OBJC_WEAK = YES;
				CLANG_WARN_BLOCK_CAPTURE_AUTORELEASING = YES;
				CLANG_WARN_BOOL_CONVERSION = YES;
				CLANG_WARN_COMMA = YES;
				CLANG_WARN_CONSTANT_CONVERSION = YES;
				CLANG_WARN_DEPRECATED_OBJC_IMPLEMENTATIONS = YES;
				CLANG_WARN_DIRECT_OBJC_ISA_USAGE = YES_ERROR;
				CLANG_WARN_DOCUMENTATION_COMMENTS = YES;
				CLANG_WARN_EMPTY_BODY = YES;
				CLANG_WARN_ENUM_CONVERSION = YES;
				CLANG_WARN_INFINITE_RECURSION = YES;
				CLANG_WARN_INT_CONVERSION = YES;
				CLANG_WARN_NON_LITERAL_NULL_CONVERSION = YES;
				CLANG_WARN_OBJC_IMPLICIT_RETAIN_SELF = YES;
				CLANG_WARN_OBJC_LITERAL_CONVERSION = YES;
				CLANG_WARN_OBJC_ROOT_CLASS = YES_ERROR;
				CLANG_WARN_QUOTED_INCLUDE_IN_FRAMEWORK_HEADER = YES;
				CLANG_WARN_RANGE_LOOP_ANALYSIS = YES;
				CLANG_WARN_STRICT_PROTOTYPES = YES;
				CLANG_WARN_SUSPICIOUS_MOVE = YES;
				CLANG_WARN_UNGUARDED_AVAILABILITY = YES_AGGRESSIVE;
				CLANG_WARN_UNREACHABLE_CODE = YES;
				CLANG_WARN__DUPLICATE_METHOD_MATCH = YES;
				COPY_PHASE_STRIP = NO;
				DEBUG_INFORMATION_FORMAT = dwarf;
				ENABLE_STRICT_OBJC_MSGSEND = YES;
				ENABLE_TESTABILITY = YES;
				GCC_C_LANGUAGE_STANDARD = gnu11;
				GCC_DYNAMIC_NO_PIC = NO;
				GCC_NO_COMMON_BLOCKS = YES;
				GCC_OPTIMIZATION_LEVEL = 0;
				GCC_PREPROCESSOR_DEFINITIONS = (
					"DEBUG=1",
					"$(inherited)",
				);
				GCC_WARN_64_TO_32_BIT_CONVERSION = YES;
				GCC_WARN_ABOUT_RETURN_TYPE = YES_ERROR;
				GCC_WARN_UNDECLARED_SELECTOR = YES;
				GCC_WARN_UNINITIALIZED_AUTOS = YES_AGGRESSIVE;
				GCC_WARN_UNUSED_FUNCTION = YES;
				GCC_WARN_UNUSED_VARIABLE = YES;
				MACOSX_DEPLOYMENT_TARGET = 13.1;
				MTL_ENABLE_DEBUG_INFO = INCLUDE_SOURCE;
				MTL_FAST_MATH = YES;
				ONLY_ACTIVE_ARCH = YES;
				SDKROOT = macosx;
				SWIFT_ACTIVE_COMPILATION_CONDITIONS = DEBUG;
				SWIFT_OPTIMIZATION_LEVEL = "-Onone";
			};
			name = Debug;
		};
		CC944AC529D7E2E400FD1F83 /* Release */ = {
			isa = XCBuildConfiguration;
			buildSettings = {
				ALWAYS_SEARCH_USER_PATHS = NO;
				CLANG_ANALYZER_NONNULL = YES;
				CLANG_ANALYZER_NUMBER_OBJECT_CONVERSION = YES_AGGRESSIVE;
				CLANG_CXX_LANGUAGE_STANDARD = "gnu++20";
				CLANG_ENABLE_MODULES = YES;
				CLANG_ENABLE_OBJC_ARC = YES;
				CLANG_ENABLE_OBJC_WEAK = YES;
				CLANG_WARN_BLOCK_CAPTURE_AUTORELEASING = YES;
				CLANG_WARN_BOOL_CONVERSION = YES;
				CLANG_WARN_COMMA = YES;
				CLANG_WARN_CONSTANT_CONVERSION = YES;
				CLANG_WARN_DEPRECATED_OBJC_IMPLEMENTATIONS = YES;
				CLANG_WARN_DIRECT_OBJC_ISA_USAGE = YES_ERROR;
				CLANG_WARN_DOCUMENTATION_COMMENTS = YES;
				CLANG_WARN_EMPTY_BODY = YES;
				CLANG_WARN_ENUM_CONVERSION = YES;
				CLANG_WARN_INFINITE_RECURSION = YES;
				CLANG_WARN_INT_CONVERSION = YES;
				CLANG_WARN_NON_LITERAL_NULL_CONVERSION = YES;
				CLANG_WARN_OBJC_IMPLICIT_RETAIN_SELF = YES;
				CLANG_WARN_OBJC_LITERAL_CONVERSION = YES;
				CLANG_WARN_OBJC_ROOT_CLASS = YES_ERROR;
				CLANG_WARN_QUOTED_INCLUDE_IN_FRAMEWORK_HEADER = YES;
				CLANG_WARN_RANGE_LOOP_ANALYSIS = YES;
				CLANG_WARN_STRICT_PROTOTYPES = YES;
				CLANG_WARN_SUSPICIOUS_MOVE = YES;
				CLANG_WARN_UNGUARDED_AVAILABILITY = YES_AGGRESSIVE;
				CLANG_WARN_UNREACHABLE_CODE = YES;
				CLANG_WARN__DUPLICATE_METHOD_MATCH = YES;
				COPY_PHASE_STRIP = NO;
				DEBUG_INFORMATION_FORMAT = "dwarf-with-dsym";
				ENABLE_NS_ASSERTIONS = NO;
				ENABLE_STRICT_OBJC_MSGSEND = YES;
				GCC_C_LANGUAGE_STANDARD = gnu11;
				GCC_NO_COMMON_BLOCKS = YES;
				GCC_WARN_64_TO_32_BIT_CONVERSION = YES;
				GCC_WARN_ABOUT_RETURN_TYPE = YES_ERROR;
				GCC_WARN_UNDECLARED_SELECTOR = YES;
				GCC_WARN_UNINITIALIZED_AUTOS = YES_AGGRESSIVE;
				GCC_WARN_UNUSED_FUNCTION = YES;
				GCC_WARN_UNUSED_VARIABLE = YES;
				MACOSX_DEPLOYMENT_TARGET = 13.1;
				MTL_ENABLE_DEBUG_INFO = NO;
				MTL_FAST_MATH = YES;
				SDKROOT = macosx;
				SWIFT_COMPILATION_MODE = wholemodule;
				SWIFT_OPTIMIZATION_LEVEL = "-O";
			};
			name = Release;
		};
		CC944AC729D7E2E400FD1F83 /* Debug */ = {
			isa = XCBuildConfiguration;
			buildSettings = {
				ASSETCATALOG_COMPILER_APPICON_NAME = AppIcon;
				ASSETCATALOG_COMPILER_GLOBAL_ACCENT_COLOR_NAME = AccentColor;
				CODE_SIGN_ENTITLEMENTS = fishtime/fishtime.entitlements;
				CODE_SIGN_STYLE = Automatic;
				COMBINE_HIDPI_IMAGES = YES;
				CURRENT_PROJECT_VERSION = 1;
				DEVELOPMENT_ASSET_PATHS = "\"fishtime/Preview Content\"";
				ENABLE_PREVIEWS = YES;
				GENERATE_INFOPLIST_FILE = YES;
				INFOPLIST_KEY_NSHumanReadableCopyright = "";
				LD_RUNPATH_SEARCH_PATHS = (
					"$(inherited)",
					"@executable_path/../Frameworks",
				);
				MACOSX_DEPLOYMENT_TARGET = 11.0;
				MARKETING_VERSION = 1.0;
				PRODUCT_BUNDLE_IDENTIFIER = org.pannenetsf.fishtime;
				PRODUCT_NAME = "$(TARGET_NAME)";
				SWIFT_EMIT_LOC_STRINGS = YES;
				SWIFT_VERSION = 5.0;
			};
			name = Debug;
		};
		CC944AC829D7E2E400FD1F83 /* Release */ = {
			isa = XCBuildConfiguration;
			buildSettings = {
				ASSETCATALOG_COMPILER_APPICON_NAME = AppIcon;
				ASSETCATALOG_COMPILER_GLOBAL_ACCENT_COLOR_NAME = AccentColor;
				CODE_SIGN_ENTITLEMENTS = fishtime/fishtime.entitlements;
				CODE_SIGN_STYLE = Automatic;
				COMBINE_HIDPI_IMAGES = YES;
				CURRENT_PROJECT_VERSION = 1;
				DEVELOPMENT_ASSET_PATHS = "\"fishtime/Preview Content\"";
				ENABLE_PREVIEWS = YES;
				GENERATE_INFOPLIST_FILE = YES;
				INFOPLIST_KEY_NSHumanReadableCopyright = "";
				LD_RUNPATH_SEARCH_PATHS = (
					"$(inherited)",
					"@executable_path/../Frameworks",
				);
				MACOSX_DEPLOYMENT_TARGET = 11.0;
				MARKETING_VERSION = 1.0;
				PRODUCT_BUNDLE_IDENTIFIER = org.pannenetsf.fishtime;
				PRODUCT_NAME = "$(TARGET_NAME)";
				SWIFT_EMIT_LOC_STRINGS = YES;
				SWIFT_VERSION = 5.0;
			};
			name = Release;
		};
		CC944ACA29D7E2E400FD1F83 /* Debug */ = {
			isa = XCBuildConfiguration;
			buildSettings = {
				ALWAYS_EMBED_SWIFT_STANDARD_LIBRARIES = YES;
				BUNDLE_LOADER = "$(TEST_HOST)";
				CODE_SIGN_STYLE = Automatic;
				CURRENT_PROJECT_VERSION = 1;
				GENERATE_INFOPLIST_FILE = YES;
				MACOSX_DEPLOYMENT_TARGET = 13.1;
				MARKETING_VERSION = 1.0;
				PRODUCT_BUNDLE_IDENTIFIER = org.pannenetsf.fishtimeTests;
				PRODUCT_NAME = "$(TARGET_NAME)";
				SWIFT_EMIT_LOC_STRINGS = NO;
				SWIFT_VERSION = 5.0;
				TEST_HOST = "$(BUILT_PRODUCTS_DIR)/fishtime.app/$(BUNDLE_EXECUTABLE_FOLDER_PATH)/fishtime";
			};
			name = Debug;
		};
		CC944ACB29D7E2E400FD1F83 /* Release */ = {
			isa = XCBuildConfiguration;
			buildSettings = {
				ALWAYS_EMBED_SWIFT_STANDARD_LIBRARIES = YES;
				BUNDLE_LOADER = "$(TEST_HOST)";
				CODE_SIGN_STYLE = Automatic;
				CURRENT_PROJECT_VERSION = 1;
				GENERATE_INFOPLIST_FILE = YES;
				MACOSX_DEPLOYMENT_TARGET = 13.1;
				MARKETING_VERSION = 1.0;
				PRODUCT_BUNDLE_IDENTIFIER = org.pannenetsf.fishtimeTests;
				PRODUCT_NAME = "$(TARGET_NAME)";
				SWIFT_EMIT_LOC_STRINGS = NO;
				SWIFT_VERSION = 5.0;
				TEST_HOST = "$(BUILT_PRODUCTS_DIR)/fishtime.app/$(BUNDLE_EXECUTABLE_FOLDER_PATH)/fishtime";
			};
			name = Release;
		};
		CC944ACD29D7E2E400FD1F83 /* Debug */ = {
			isa = XCBuildConfiguration;
			buildSettings = {
				ALWAYS_EMBED_SWIFT_STANDARD_LIBRARIES = YES;
				CODE_SIGN_STYLE = Automatic;
				CURRENT_PROJECT_VERSION = 1;
				GENERATE_INFOPLIST_FILE = YES;
				MARKETING_VERSION = 1.0;
				PRODUCT_BUNDLE_IDENTIFIER = org.pannenetsf.fishtimeUITests;
				PRODUCT_NAME = "$(TARGET_NAME)";
				SWIFT_EMIT_LOC_STRINGS = NO;
				SWIFT_VERSION = 5.0;
				TEST_TARGET_NAME = fishtime;
			};
			name = Debug;
		};
		CC944ACE29D7E2E400FD1F83 /* Release */ = {
			isa = XCBuildConfiguration;
			buildSettings = {
				ALWAYS_EMBED_SWIFT_STANDARD_LIBRARIES = YES;
				CODE_SIGN_STYLE = Automatic;
				CURRENT_PROJECT_VERSION = 1;
				GENERATE_INFOPLIST_FILE = YES;
				MARKETING_VERSION = 1.0;
				PRODUCT_BUNDLE_IDENTIFIER = org.pannenetsf.fishtimeUITests;
				PRODUCT_NAME = "$(TARGET_NAME)";
				SWIFT_EMIT_LOC_STRINGS = NO;
				SWIFT_VERSION = 5.0;
				TEST_TARGET_NAME = fishtime;
			};
			name = Release;
		};
/* End XCBuildConfiguration section */

/* Begin XCConfigurationList section */
		CC944A9C29D7E2E300FD1F83 /* Build configuration list for PBXProject "fishtime" */ = {
			isa = XCConfigurationList;
			buildConfigurations = (
				CC944AC429D7E2E400FD1F83 /* Debug */,
				CC944AC529D7E2E400FD1F83 /* Release */,
			);
			defaultConfigurationIsVisible = 0;
			defaultConfigurationName = Release;
		};
		CC944AC629D7E2E400FD1F83 /* Build configuration list for PBXNativeTarget "fishtime" */ = {
			isa = XCConfigurationList;
			buildConfigurations = (
				CC944AC729D7E2E400FD1F83 /* Debug */,
				CC944AC829D7E2E400FD1F83 /* Release */,
			);
			defaultConfigurationIsVisible = 0;
			defaultConfigurationName = Release;
		};
		CC944AC929D7E2E400FD1F83 /* Build configuration list for PBXNativeTarget "fishtimeTests" */ = {
			isa = XCConfigurationList;
			buildConfigurations = (
				CC944ACA29D7E2E400FD1F83 /* Debug */,
				CC944ACB29D7E2E400FD1F83 /* Release */,
			);
			defaultConfigurationIsVisible = 0;
			defaultConfigurationName = Release;
		};
		CC944ACC29D7E2E400FD1F83 /* Build configuration list for PBXNativeTarget "fishtimeUITests" */ = {
			isa = XCConfigurationList;
			buildConfigurations = (
				CC944ACD29D7E2E400FD1F83 /* Debug */,
				CC944ACE29D7E2E400FD1F83 /* Release */,
			);
			defaultConfigurationIsVisible = 0;
			defaultConfigurationName = Release;
		};
/* End XCConfigurationList section */
	};
	rootObject = CC944A9929D7E2E300FD1F83 /* Project object */;
}
